
Microsoft Visual Studio Solution File, Format Version 12.00
# Visual Studio 2012
Project("{FAE04EC0-301F-11D3-BF4B-00C04F79EFBC}") = "DragonsCrownPS3", "DragonsCrownPS3\DragonsCrownPS3.csproj", "{5E5D2C9A-2A27-465D-BCEE-EB3E221312BD}"
EndProject
Global
	GlobalSection(SolutionConfigurationPlatforms) = preSolution
		Debug|Any CPU = Debug|Any CPU
		Release|Any CPU = Release|Any CPU
	EndGlobalSection
	GlobalSection(ProjectConfigurationPlatforms) = postSolution
		{5E5D2C9A-2A27-465D-BCEE-EB3E221312BD}.Debug|Any CPU.ActiveCfg = Debug|Any CPU
		{5E5D2C9A-2A27-465D-BCEE-EB3E221312BD}.Debug|Any CPU.Build.0 = Debug|Any CPU
		{5E5D2C9A-2A27-465D-BCEE-EB3E221312BD}.Release|Any CPU.ActiveCfg = Release|Any CPU
		{5E5D2C9A-2A27-465D-BCEE-EB3E221312BD}.Release|Any CPU.Build.0 = Release|Any CPU
	EndGlobalSection
	GlobalSection(SolutionProperties) = preSolution
		HideSolutionNode = FALSE
	EndGlobalSection
EndGlobal
